
Microsoft Visual Studio Solution File, Format Version 12.00
# Visual Studio Version 17
VisualStudioVersion = 17.5.002.0
MinimumVisualStudioVersion = 10.0.40219.1
Project("{2150E333-8FDC-42A3-9474-1A3956D46DE8}") = "first_contract_aelf", "first_contract_aelf", "{71301DB3-F06B-49CE-9C4B-5376BD8FAB8B}"
EndProject
Project("{9A19103F-16F7-4668-BE54-9A1E7A4F7556}") = "MyCharacter", "first_contract_aelf\src\MyCharacter.csproj", "{1246E1E4-E34B-4581-81B0-1ED6FD636D99}"
EndProject
Project("{9A19103F-16F7-4668-BE54-9A1E7A4F7556}") = "MyCharacter.Tests", "first_contract_aelf\test\MyCharacter.Tests.csproj", "{E443E06B-A784-4310-9F3E-1C349DFD286A}"
EndProject
Global
	GlobalSection(SolutionConfigurationPlatforms) = preSolution
		Debug|Any CPU = Debug|Any CPU
		Release|Any CPU = Release|Any CPU
	EndGlobalSection
	GlobalSection(ProjectConfigurationPlatforms) = postSolution
		{1246E1E4-E34B-4581-81B0-1ED6FD636D99}.Debug|Any CPU.ActiveCfg = Debug|Any CPU
		{1246E1E4-E34B-4581-81B0-1ED6FD636D99}.Debug|Any CPU.Build.0 = Debug|Any CPU
		{1246E1E4-E34B-4581-81B0-1ED6FD636D99}.Release|Any CPU.ActiveCfg = Release|Any CPU
		{1246E1E4-E34B-4581-81B0-1ED6FD636D99}.Release|Any CPU.Build.0 = Release|Any CPU
		{E443E06B-A784-4310-9F3E-1C349DFD286A}.Debug|Any CPU.ActiveCfg = Debug|Any CPU
		{E443E06B-A784-4310-9F3E-1C349DFD286A}.Debug|Any CPU.Build.0 = Debug|Any CPU
		{E443E06B-A784-4310-9F3E-1C349DFD286A}.Release|Any CPU.ActiveCfg = Release|Any CPU
		{E443E06B-A784-4310-9F3E-1C349DFD286A}.Release|Any CPU.Build.0 = Release|Any CPU
	EndGlobalSection
	GlobalSection(SolutionProperties) = preSolution
		HideSolutionNode = FALSE
	EndGlobalSection
	GlobalSection(NestedProjects) = preSolution
		{1246E1E4-E34B-4581-81B0-1ED6FD636D99} = {71301DB3-F06B-49CE-9C4B-5376BD8FAB8B}
		{E443E06B-A784-4310-9F3E-1C349DFD286A} = {71301DB3-F06B-49CE-9C4B-5376BD8FAB8B}
	EndGlobalSection
	GlobalSection(ExtensibilityGlobals) = postSolution
		SolutionGuid = {EFBFFDF9-5C88-4F00-AC9C-3D793B87E57A}
	EndGlobalSection
EndGlobal
